{
  "version": 4,
  "terraform_version": "1.1.7",
  "serial": 1,
  "lineage": "6df6a370-be93-c0d4-f537-38cf3cf33917",
  "outputs": {},
  "resources": [
    {
      "mode": "managed",
      "type": "local_file",
      "name": "HelloWorld-file",
      "provider": "provider[\"registry.terraform.io/hashicorp/local\"]",
      "instances": [
        {
          "schema_version": 0,
          "attributes": {
            "content": null,
            "content_base64": null,
            "directory_permission": "777",
            "file_permission": "777",
            "filename": "./files/outputfile",
            "id": "da39a3ee5e6b4b0d3255bfef95601890afd80709",
            "sensitive_content": "",
            "source": null
          },
          "sensitive_attributes": [],
          "private": "bnVsbA=="
        }
      ]
    }
  ]
}
